# This file is generated by running "yarn install" inside your project.
# Manual changes might be lost - proceed with caution!

__metadata:
  version: 6
  cacheKey: 8

"pkg1@file:./pkg1::locator=root-workspace-0b6124%40workspace%3A.":
  version: 0.0.1
  resolution: "pkg1@file:./pkg1#./pkg1::hash=9e8d57&locator=root-workspace-0b6124%40workspace%3A."
  checksum: 73c76c167bc2249dc761b41f1dc15520e883d52d0fbf31eaa650ad45855f9f7fc2ca71cc96b0558fbd583d5685a8df423c1e2650bec35de83009e10a7c5cd3ff
  languageName: node
  linkType: hard

"root-workspace-0b6124@workspace:.":
  version: 0.0.0-use.local
  resolution: "root-workspace-0b6124@workspace:."
  dependencies:
    pkg1: "file:./pkg1"
  languageName: unknown
  linkType: soft
